
Microsoft Visual Studio Solution File, Format Version 12.00
# Visual Studio Version 17
VisualStudioVersion = 17.2.32526.322
MinimumVisualStudioVersion = 10.0.40219.1
Project("{9A19103F-16F7-4668-BE54-9A1E7A4F7556}") = "WebApi", "WebApi\WebApi.csproj", "{1BBA6C47-A868-413A-A6F8-4CF6BEDC58FB}"
EndProject
Project("{9A19103F-16F7-4668-BE54-9A1E7A4F7556}") = "WebApi.Tests", "WebApi.Tests\WebApi.Tests.csproj", "{D2BDE529-F267-48AC-9B37-5983F131E237}"
EndProject
Project("{2150E333-8FDC-42A3-9474-1A3956D46DE8}") = "jenkins", "jenkins", "{51BEC785-9D06-4F94-A686-2CD5EDD74C68}"
	ProjectSection(SolutionItems) = preProject
		Jenkinsfile.groovy = Jenkinsfile.groovy
		JenkinsParameters.groovy = JenkinsParameters.groovy
	EndProjectSection
EndProject
Global
	GlobalSection(SolutionConfigurationPlatforms) = preSolution
		Debug|Any CPU = Debug|Any CPU
		Release|Any CPU = Release|Any CPU
	EndGlobalSection
	GlobalSection(ProjectConfigurationPlatforms) = postSolution
		{1BBA6C47-A868-413A-A6F8-4CF6BEDC58FB}.Debug|Any CPU.ActiveCfg = Debug|Any CPU
		{1BBA6C47-A868-413A-A6F8-4CF6BEDC58FB}.Debug|Any CPU.Build.0 = Debug|Any CPU
		{1BBA6C47-A868-413A-A6F8-4CF6BEDC58FB}.Release|Any CPU.ActiveCfg = Release|Any CPU
		{1BBA6C47-A868-413A-A6F8-4CF6BEDC58FB}.Release|Any CPU.Build.0 = Release|Any CPU
		{D2BDE529-F267-48AC-9B37-5983F131E237}.Debug|Any CPU.ActiveCfg = Debug|Any CPU
		{D2BDE529-F267-48AC-9B37-5983F131E237}.Debug|Any CPU.Build.0 = Debug|Any CPU
		{D2BDE529-F267-48AC-9B37-5983F131E237}.Release|Any CPU.ActiveCfg = Release|Any CPU
		{D2BDE529-F267-48AC-9B37-5983F131E237}.Release|Any CPU.Build.0 = Release|Any CPU
	EndGlobalSection
	GlobalSection(SolutionProperties) = preSolution
		HideSolutionNode = FALSE
	EndGlobalSection
	GlobalSection(ExtensibilityGlobals) = postSolution
		SolutionGuid = {62283890-FBF5-4563-AFA3-0035ED5DBADC}
	EndGlobalSection
EndGlobal
